
Microsoft Visual Studio Solution File, Format Version 12.00
# Visual Studio Version 17
VisualStudioVersion = 17.9.34622.214
MinimumVisualStudioVersion = 10.0.40219.1
Project("{9A19103F-16F7-4668-BE54-9A1E7A4F7556}") = "IdentityApp", "IdentityApp.csproj", "{4437E8CE-358B-49B0-831D-7ED2C81DFF4D}"
EndProject
Global
	GlobalSection(SolutionConfigurationPlatforms) = preSolution
		Debug|Any CPU = Debug|Any CPU
		Release|Any CPU = Release|Any CPU
	EndGlobalSection
	GlobalSection(ProjectConfigurationPlatforms) = postSolution
		{4437E8CE-358B-49B0-831D-7ED2C81DFF4D}.Debug|Any CPU.ActiveCfg = Debug|Any CPU
		{4437E8CE-358B-49B0-831D-7ED2C81DFF4D}.Debug|Any CPU.Build.0 = Debug|Any CPU
		{4437E8CE-358B-49B0-831D-7ED2C81DFF4D}.Release|Any CPU.ActiveCfg = Release|Any CPU
		{4437E8CE-358B-49B0-831D-7ED2C81DFF4D}.Release|Any CPU.Build.0 = Release|Any CPU
	EndGlobalSection
	GlobalSection(SolutionProperties) = preSolution
		HideSolutionNode = FALSE
	EndGlobalSection
	GlobalSection(ExtensibilityGlobals) = postSolution
		SolutionGuid = {CD5FF646-7B24-421F-9891-BE3F646A23AA}
	EndGlobalSection
EndGlobal
